// !$*UTF8*$!
{
	archiveVersion = 1;
	classes = {
	};
	objectVersion = 50;
	objects = {

/* Begin PBXBuildFile section */
		50D214F179ACA8B6596AE96F /* Pods_SwiftBluetoothKit.framework in Frameworks */ = {isa = PBXBuildFile; fileRef = 7DC11FD4946D9E500877A38E /* Pods_SwiftBluetoothKit.framework */; };
		843973B9220F041600485B5B /* SwiftBluetoothKit.framework in Frameworks */ = {isa = PBXBuildFile; fileRef = 843973AF220F041600485B5B /* SwiftBluetoothKit.framework */; };
		843973BE220F041600485B5B /* SwiftBluetoothKitTests.swift in Sources */ = {isa = PBXBuildFile; fileRef = 843973BD220F041600485B5B /* SwiftBluetoothKitTests.swift */; };
		843973C0220F041600485B5B /* SwiftBluetoothKit.h in Headers */ = {isa = PBXBuildFile; fileRef = 843973B2220F041600485B5B /* SwiftBluetoothKit.h */; settings = {ATTRIBUTES = (Public, ); }; };
		843973E3220F081500485B5B /* Service.swift in Sources */ = {isa = PBXBuildFile; fileRef = 843973CA220F081400485B5B /* Service.swift */; };
		843973E4220F081500485B5B /* ServiceProtocol.swift in Sources */ = {isa = PBXBuildFile; fileRef = 843973CB220F081400485B5B /* ServiceProtocol.swift */; };
		843973E5220F081500485B5B /* BluetoothState.swift in Sources */ = {isa = PBXBuildFile; fileRef = 843973CD220F081400485B5B /* BluetoothState.swift */; };
		843973E6220F081500485B5B /* Result.swift in Sources */ = {isa = PBXBuildFile; fileRef = 843973CF220F081500485B5B /* Result.swift */; };
		843973E8220F081500485B5B /* PeripheralProtocol.swift in Sources */ = {isa = PBXBuildFile; fileRef = 843973D3220F081500485B5B /* PeripheralProtocol.swift */; };
		843973E9220F081500485B5B /* Peripheral.swift in Sources */ = {isa = PBXBuildFile; fileRef = 843973D4220F081500485B5B /* Peripheral.swift */; };
		843973EA220F081500485B5B /* ScannedPeripheralProtocol.swift in Sources */ = {isa = PBXBuildFile; fileRef = 843973D5220F081500485B5B /* ScannedPeripheralProtocol.swift */; };
		843973EB220F081500485B5B /* ScannedPeripheral.swift in Sources */ = {isa = PBXBuildFile; fileRef = 843973D6220F081500485B5B /* ScannedPeripheral.swift */; };
		843973EC220F081500485B5B /* BluetoothManager.swift in Sources */ = {isa = PBXBuildFile; fileRef = 843973D8220F081500485B5B /* BluetoothManager.swift */; };
		843973ED220F081500485B5B /* BluetoothManager+ObserveState.swift in Sources */ = {isa = PBXBuildFile; fileRef = 843973D9220F081500485B5B /* BluetoothManager+ObserveState.swift */; };
		843973EE220F081500485B5B /* BluetoothManager+ScanPeripheral.swift in Sources */ = {isa = PBXBuildFile; fileRef = 843973DA220F081500485B5B /* BluetoothManager+ScanPeripheral.swift */; };
		843973EF220F081500485B5B /* BluetoothManager+CharacteristicNotification.swift in Sources */ = {isa = PBXBuildFile; fileRef = 843973DB220F081500485B5B /* BluetoothManager+CharacteristicNotification.swift */; };
		843973F0220F081500485B5B /* BluetoothManager+ReadWriteCharacteristic.swift in Sources */ = {isa = PBXBuildFile; fileRef = 843973DC220F081500485B5B /* BluetoothManager+ReadWriteCharacteristic.swift */; };
		843973F1220F081500485B5B /* BluetoothManagerProtocol.swift in Sources */ = {isa = PBXBuildFile; fileRef = 843973DD220F081500485B5B /* BluetoothManagerProtocol.swift */; };
		843973F2220F081500485B5B /* BluetoothManager+DiscoverCharacteristics.swift in Sources */ = {isa = PBXBuildFile; fileRef = 843973DE220F081500485B5B /* BluetoothManager+DiscoverCharacteristics.swift */; };
		843973F3220F081500485B5B /* BluetoothManager+PeripheralConnection.swift in Sources */ = {isa = PBXBuildFile; fileRef = 843973DF220F081500485B5B /* BluetoothManager+PeripheralConnection.swift */; };
		843973F4220F081500485B5B /* CharacteristicProtocol.swift in Sources */ = {isa = PBXBuildFile; fileRef = 843973E1220F081500485B5B /* CharacteristicProtocol.swift */; };
		843973F5220F081500485B5B /* Characteristic.swift in Sources */ = {isa = PBXBuildFile; fileRef = 843973E2220F081500485B5B /* Characteristic.swift */; };
		AC891D062E06A1EB07B8F5EB /* Pods_SwiftBluetoothKit_SwiftBluetoothKitTests.framework in Frameworks */ = {isa = PBXBuildFile; fileRef = 73D2C8F83129EC615ECF0BD6 /* Pods_SwiftBluetoothKit_SwiftBluetoothKitTests.framework */; };
/* End PBXBuildFile section */

/* Begin PBXContainerItemProxy section */
		843973BA220F041600485B5B /* PBXContainerItemProxy */ = {
			isa = PBXContainerItemProxy;
			containerPortal = 843973A6220F041600485B5B /* Project object */;
			proxyType = 1;
			remoteGlobalIDString = 843973AE220F041600485B5B;
			remoteInfo = SwiftBluetoothKit;
		};
/* End PBXContainerItemProxy section */

/* Begin PBXFileReference section */
		152D3C54E01400A65DF9EC21 /* Pods-SwiftBluetoothKit-SwiftBluetoothKitTests.debug.xcconfig */ = {isa = PBXFileReference; includeInIndex = 1; lastKnownFileType = text.xcconfig; name = "Pods-SwiftBluetoothKit-SwiftBluetoothKitTests.debug.xcconfig"; path = "Pods/Target Support Files/Pods-SwiftBluetoothKit-SwiftBluetoothKitTests/Pods-SwiftBluetoothKit-SwiftBluetoothKitTests.debug.xcconfig"; sourceTree = "<group>"; };
		49B04D731B210D3D7D624D19 /* Pods-SwiftBluetoothKit.release.xcconfig */ = {isa = PBXFileReference; includeInIndex = 1; lastKnownFileType = text.xcconfig; name = "Pods-SwiftBluetoothKit.release.xcconfig"; path = "Pods/Target Support Files/Pods-SwiftBluetoothKit/Pods-SwiftBluetoothKit.release.xcconfig"; sourceTree = "<group>"; };
		73D2C8F83129EC615ECF0BD6 /* Pods_SwiftBluetoothKit_SwiftBluetoothKitTests.framework */ = {isa = PBXFileReference; explicitFileType = wrapper.framework; includeInIndex = 0; path = Pods_SwiftBluetoothKit_SwiftBluetoothKitTests.framework; sourceTree = BUILT_PRODUCTS_DIR; };
		7DC11FD4946D9E500877A38E /* Pods_SwiftBluetoothKit.framework */ = {isa = PBXFileReference; explicitFileType = wrapper.framework; includeInIndex = 0; path = Pods_SwiftBluetoothKit.framework; sourceTree = BUILT_PRODUCTS_DIR; };
		843973AF220F041600485B5B /* SwiftBluetoothKit.framework */ = {isa = PBXFileReference; explicitFileType = wrapper.framework; includeInIndex = 0; path = SwiftBluetoothKit.framework; sourceTree = BUILT_PRODUCTS_DIR; };
		843973B2220F041600485B5B /* SwiftBluetoothKit.h */ = {isa = PBXFileReference; lastKnownFileType = sourcecode.c.h; path = SwiftBluetoothKit.h; sourceTree = "<group>"; };
		843973B3220F041600485B5B /* Info.plist */ = {isa = PBXFileReference; lastKnownFileType = text.plist.xml; path = Info.plist; sourceTree = "<group>"; };
		843973B8220F041600485B5B /* SwiftBluetoothKitTests.xctest */ = {isa = PBXFileReference; explicitFileType = wrapper.cfbundle; includeInIndex = 0; path = SwiftBluetoothKitTests.xctest; sourceTree = BUILT_PRODUCTS_DIR; };
		843973BD220F041600485B5B /* SwiftBluetoothKitTests.swift */ = {isa = PBXFileReference; lastKnownFileType = sourcecode.swift; path = SwiftBluetoothKitTests.swift; sourceTree = "<group>"; };
		843973BF220F041600485B5B /* Info.plist */ = {isa = PBXFileReference; lastKnownFileType = text.plist.xml; path = Info.plist; sourceTree = "<group>"; };
		843973CA220F081400485B5B /* Service.swift */ = {isa = PBXFileReference; fileEncoding = 4; lastKnownFileType = sourcecode.swift; path = Service.swift; sourceTree = "<group>"; };
		843973CB220F081400485B5B /* ServiceProtocol.swift */ = {isa = PBXFileReference; fileEncoding = 4; lastKnownFileType = sourcecode.swift; path = ServiceProtocol.swift; sourceTree = "<group>"; };
		843973CD220F081400485B5B /* BluetoothState.swift */ = {isa = PBXFileReference; fileEncoding = 4; lastKnownFileType = sourcecode.swift; path = BluetoothState.swift; sourceTree = "<group>"; };
		843973CF220F081500485B5B /* Result.swift */ = {isa = PBXFileReference; fileEncoding = 4; lastKnownFileType = sourcecode.swift; path = Result.swift; sourceTree = "<group>"; };
		843973D3220F081500485B5B /* PeripheralProtocol.swift */ = {isa = PBXFileReference; fileEncoding = 4; lastKnownFileType = sourcecode.swift; path = PeripheralProtocol.swift; sourceTree = "<group>"; };
		843973D4220F081500485B5B /* Peripheral.swift */ = {isa = PBXFileReference; fileEncoding = 4; lastKnownFileType = sourcecode.swift; path = Peripheral.swift; sourceTree = "<group>"; };
		843973D5220F081500485B5B /* ScannedPeripheralProtocol.swift */ = {isa = PBXFileReference; fileEncoding = 4; lastKnownFileType = sourcecode.swift; path = ScannedPeripheralProtocol.swift; sourceTree = "<group>"; };
		843973D6220F081500485B5B /* ScannedPeripheral.swift */ = {isa = PBXFileReference; fileEncoding = 4; lastKnownFileType = sourcecode.swift; path = ScannedPeripheral.swift; sourceTree = "<group>"; };
		843973D8220F081500485B5B /* BluetoothManager.swift */ = {isa = PBXFileReference; fileEncoding = 4; lastKnownFileType = sourcecode.swift; path = BluetoothManager.swift; sourceTree = "<group>"; };
		843973D9220F081500485B5B /* BluetoothManager+ObserveState.swift */ = {isa = PBXFileReference; fileEncoding = 4; lastKnownFileType = sourcecode.swift; path = "BluetoothManager+ObserveState.swift"; sourceTree = "<group>"; };
		843973DA220F081500485B5B /* BluetoothManager+ScanPeripheral.swift */ = {isa = PBXFileReference; fileEncoding = 4; lastKnownFileType = sourcecode.swift; path = "BluetoothManager+ScanPeripheral.swift"; sourceTree = "<group>"; };
		843973DB220F081500485B5B /* BluetoothManager+CharacteristicNotification.swift */ = {isa = PBXFileReference; fileEncoding = 4; lastKnownFileType = sourcecode.swift; path = "BluetoothManager+CharacteristicNotification.swift"; sourceTree = "<group>"; };
		843973DC220F081500485B5B /* BluetoothManager+ReadWriteCharacteristic.swift */ = {isa = PBXFileReference; fileEncoding = 4; lastKnownFileType = sourcecode.swift; path = "BluetoothManager+ReadWriteCharacteristic.swift"; sourceTree = "<group>"; };
		843973DD220F081500485B5B /* BluetoothManagerProtocol.swift */ = {isa = PBXFileReference; fileEncoding = 4; lastKnownFileType = sourcecode.swift; path = BluetoothManagerProtocol.swift; sourceTree = "<group>"; };
		843973DE220F081500485B5B /* BluetoothManager+DiscoverCharacteristics.swift */ = {isa = PBXFileReference; fileEncoding = 4; lastKnownFileType = sourcecode.swift; path = "BluetoothManager+DiscoverCharacteristics.swift"; sourceTree = "<group>"; };
		843973DF220F081500485B5B /* BluetoothManager+PeripheralConnection.swift */ = {isa = PBXFileReference; fileEncoding = 4; lastKnownFileType = sourcecode.swift; path = "BluetoothManager+PeripheralConnection.swift"; sourceTree = "<group>"; };
		843973E1220F081500485B5B /* CharacteristicProtocol.swift */ = {isa = PBXFileReference; fileEncoding = 4; lastKnownFileType = sourcecode.swift; path = CharacteristicProtocol.swift; sourceTree = "<group>"; };
		843973E2220F081500485B5B /* Characteristic.swift */ = {isa = PBXFileReference; fileEncoding = 4; lastKnownFileType = sourcecode.swift; path = Characteristic.swift; sourceTree = "<group>"; };
		AA4AE6EF54C223F1B5B858DF /* Pods-SwiftBluetoothKit.debug.xcconfig */ = {isa = PBXFileReference; includeInIndex = 1; lastKnownFileType = text.xcconfig; name = "Pods-SwiftBluetoothKit.debug.xcconfig"; path = "Pods/Target Support Files/Pods-SwiftBluetoothKit/Pods-SwiftBluetoothKit.debug.xcconfig"; sourceTree = "<group>"; };
		C7730D6051B96636FE1970D2 /* Pods-SwiftBluetoothKit-SwiftBluetoothKitTests.release.xcconfig */ = {isa = PBXFileReference; includeInIndex = 1; lastKnownFileType = text.xcconfig; name = "Pods-SwiftBluetoothKit-SwiftBluetoothKitTests.release.xcconfig"; path = "Pods/Target Support Files/Pods-SwiftBluetoothKit-SwiftBluetoothKitTests/Pods-SwiftBluetoothKit-SwiftBluetoothKitTests.release.xcconfig"; sourceTree = "<group>"; };
/* End PBXFileReference section */

/* Begin PBXFrameworksBuildPhase section */
		843973AC220F041600485B5B /* Frameworks */ = {
			isa = PBXFrameworksBuildPhase;
			buildActionMask = 2147483647;
			files = (
				50D214F179ACA8B6596AE96F /* Pods_SwiftBluetoothKit.framework in Frameworks */,
			);
			runOnlyForDeploymentPostprocessing = 0;
		};
		843973B5220F041600485B5B /* Frameworks */ = {
			isa = PBXFrameworksBuildPhase;
			buildActionMask = 2147483647;
			files = (
				843973B9220F041600485B5B /* SwiftBluetoothKit.framework in Frameworks */,
				AC891D062E06A1EB07B8F5EB /* Pods_SwiftBluetoothKit_SwiftBluetoothKitTests.framework in Frameworks */,
			);
			runOnlyForDeploymentPostprocessing = 0;
		};
/* End PBXFrameworksBuildPhase section */

/* Begin PBXGroup section */
		843973A5220F041600485B5B = {
			isa = PBXGroup;
			children = (
				843973B1220F041600485B5B /* SwiftBluetoothKit */,
				843973BC220F041600485B5B /* SwiftBluetoothKitTests */,
				843973B0220F041600485B5B /* Products */,
				F979C47D49548F51ED12F767 /* Pods */,
				A0D2D9D7D9D76777278D6689 /* Frameworks */,
			);
			sourceTree = "<group>";
		};
		843973B0220F041600485B5B /* Products */ = {
			isa = PBXGroup;
			children = (
				843973AF220F041600485B5B /* SwiftBluetoothKit.framework */,
				843973B8220F041600485B5B /* SwiftBluetoothKitTests.xctest */,
			);
			name = Products;
			sourceTree = "<group>";
		};
		843973B1220F041600485B5B /* SwiftBluetoothKit */ = {
			isa = PBXGroup;
			children = (
				843973D7220F081500485B5B /* Manager */,
				843973CC220F081400485B5B /* BluetoothState */,
				843973E0220F081500485B5B /* Characteristic */,
				843973D2220F081500485B5B /* Peripheral */,
				843973CE220F081500485B5B /* Result */,
				843973C9220F081400485B5B /* Service */,
				843973B2220F041600485B5B /* SwiftBluetoothKit.h */,
				843973B3220F041600485B5B /* Info.plist */,
			);
			path = SwiftBluetoothKit;
			sourceTree = "<group>";
		};
		843973BC220F041600485B5B /* SwiftBluetoothKitTests */ = {
			isa = PBXGroup;
			children = (
				843973BD220F041600485B5B /* SwiftBluetoothKitTests.swift */,
				843973BF220F041600485B5B /* Info.plist */,
			);
			path = SwiftBluetoothKitTests;
			sourceTree = "<group>";
		};
		843973C9220F081400485B5B /* Service */ = {
			isa = PBXGroup;
			children = (
				843973CB220F081400485B5B /* ServiceProtocol.swift */,
				843973CA220F081400485B5B /* Service.swift */,
			);
			path = Service;
			sourceTree = "<group>";
		};
		843973CC220F081400485B5B /* BluetoothState */ = {
			isa = PBXGroup;
			children = (
				843973CD220F081400485B5B /* BluetoothState.swift */,
			);
			path = BluetoothState;
			sourceTree = "<group>";
		};
		843973CE220F081500485B5B /* Result */ = {
			isa = PBXGroup;
			children = (
				843973CF220F081500485B5B /* Result.swift */,
			);
			path = Result;
			sourceTree = "<group>";
		};
		843973D2220F081500485B5B /* Peripheral */ = {
			isa = PBXGroup;
			children = (
				843973D3220F081500485B5B /* PeripheralProtocol.swift */,
				843973D4220F081500485B5B /* Peripheral.swift */,
				843973D5220F081500485B5B /* ScannedPeripheralProtocol.swift */,
				843973D6220F081500485B5B /* ScannedPeripheral.swift */,
			);
			path = Peripheral;
			sourceTree = "<group>";
		};
		843973D7220F081500485B5B /* Manager */ = {
			isa = PBXGroup;
			children = (
				843973D8220F081500485B5B /* BluetoothManager.swift */,
				843973D9220F081500485B5B /* BluetoothManager+ObserveState.swift */,
				843973DA220F081500485B5B /* BluetoothManager+ScanPeripheral.swift */,
				843973DB220F081500485B5B /* BluetoothManager+CharacteristicNotification.swift */,
				843973DC220F081500485B5B /* BluetoothManager+ReadWriteCharacteristic.swift */,
				843973DD220F081500485B5B /* BluetoothManagerProtocol.swift */,
				843973DE220F081500485B5B /* BluetoothManager+DiscoverCharacteristics.swift */,
				843973DF220F081500485B5B /* BluetoothManager+PeripheralConnection.swift */,
			);
			path = Manager;
			sourceTree = "<group>";
		};
		843973E0220F081500485B5B /* Characteristic */ = {
			isa = PBXGroup;
			children = (
				843973E1220F081500485B5B /* CharacteristicProtocol.swift */,
				843973E2220F081500485B5B /* Characteristic.swift */,
			);
			path = Characteristic;
			sourceTree = "<group>";
		};
		A0D2D9D7D9D76777278D6689 /* Frameworks */ = {
			isa = PBXGroup;
			children = (
				7DC11FD4946D9E500877A38E /* Pods_SwiftBluetoothKit.framework */,
				73D2C8F83129EC615ECF0BD6 /* Pods_SwiftBluetoothKit_SwiftBluetoothKitTests.framework */,
			);
			name = Frameworks;
			sourceTree = "<group>";
		};
		F979C47D49548F51ED12F767 /* Pods */ = {
			isa = PBXGroup;
			children = (
				AA4AE6EF54C223F1B5B858DF /* Pods-SwiftBluetoothKit.debug.xcconfig */,
				49B04D731B210D3D7D624D19 /* Pods-SwiftBluetoothKit.release.xcconfig */,
				152D3C54E01400A65DF9EC21 /* Pods-SwiftBluetoothKit-SwiftBluetoothKitTests.debug.xcconfig */,
				C7730D6051B96636FE1970D2 /* Pods-SwiftBluetoothKit-SwiftBluetoothKitTests.release.xcconfig */,
			);
			name = Pods;
			sourceTree = "<group>";
		};
/* End PBXGroup section */

/* Begin PBXHeadersBuildPhase section */
		843973AA220F041600485B5B /* Headers */ = {
			isa = PBXHeadersBuildPhase;
			buildActionMask = 2147483647;
			files = (
				843973C0220F041600485B5B /* SwiftBluetoothKit.h in Headers */,
			);
			runOnlyForDeploymentPostprocessing = 0;
		};
/* End PBXHeadersBuildPhase section */

/* Begin PBXNativeTarget section */
		843973AE220F041600485B5B /* SwiftBluetoothKit */ = {
			isa = PBXNativeTarget;
			buildConfigurationList = 843973C3220F041600485B5B /* Build configuration list for PBXNativeTarget "SwiftBluetoothKit" */;
			buildPhases = (
				3F1F8E80FDCC3B91363DD66E /* [CP] Check Pods Manifest.lock */,
				843973AA220F041600485B5B /* Headers */,
				843973AB220F041600485B5B /* Sources */,
				843973AC220F041600485B5B /* Frameworks */,
				843973AD220F041600485B5B /* Resources */,
			);
			buildRules = (
			);
			dependencies = (
			);
			name = SwiftBluetoothKit;
			productName = SwiftBluetoothKit;
			productReference = 843973AF220F041600485B5B /* SwiftBluetoothKit.framework */;
			productType = "com.apple.product-type.framework";
		};
		843973B7220F041600485B5B /* SwiftBluetoothKitTests */ = {
			isa = PBXNativeTarget;
			buildConfigurationList = 843973C6220F041600485B5B /* Build configuration list for PBXNativeTarget "SwiftBluetoothKitTests" */;
			buildPhases = (
				34FB0BDF755BE1255B8F2113 /* [CP] Check Pods Manifest.lock */,
				843973B4220F041600485B5B /* Sources */,
				843973B5220F041600485B5B /* Frameworks */,
				843973B6220F041600485B5B /* Resources */,
				8EF179984ACDEBC15818D67C /* [CP] Embed Pods Frameworks */,
			);
			buildRules = (
			);
			dependencies = (
				843973BB220F041600485B5B /* PBXTargetDependency */,
			);
			name = SwiftBluetoothKitTests;
			productName = SwiftBluetoothKitTests;
			productReference = 843973B8220F041600485B5B /* SwiftBluetoothKitTests.xctest */;
			productType = "com.apple.product-type.bundle.unit-test";
		};
/* End PBXNativeTarget section */

/* Begin PBXProject section */
		843973A6220F041600485B5B /* Project object */ = {
			isa = PBXProject;
			attributes = {
				LastSwiftUpdateCheck = 1010;
				LastUpgradeCheck = 1010;
				ORGANIZATIONNAME = Manish;
				TargetAttributes = {
					843973AE220F041600485B5B = {
						CreatedOnToolsVersion = 10.1;
					};
					843973B7220F041600485B5B = {
						CreatedOnToolsVersion = 10.1;
					};
				};
			};
			buildConfigurationList = 843973A9220F041600485B5B /* Build configuration list for PBXProject "SwiftBluetoothKit" */;
			compatibilityVersion = "Xcode 9.3";
			developmentRegion = en;
			hasScannedForEncodings = 0;
			knownRegions = (
				en,
			);
			mainGroup = 843973A5220F041600485B5B;
			productRefGroup = 843973B0220F041600485B5B /* Products */;
			projectDirPath = "";
			projectRoot = "";
			targets = (
				843973AE220F041600485B5B /* SwiftBluetoothKit */,
				843973B7220F041600485B5B /* SwiftBluetoothKitTests */,
			);
		};
/* End PBXProject section */

/* Begin PBXResourcesBuildPhase section */
		843973AD220F041600485B5B /* Resources */ = {
			isa = PBXResourcesBuildPhase;
			buildActionMask = 2147483647;
			files = (
			);
			runOnlyForDeploymentPostprocessing = 0;
		};
		843973B6220F041600485B5B /* Resources */ = {
			isa = PBXResourcesBuildPhase;
			buildActionMask = 2147483647;
			files = (
			);
			runOnlyForDeploymentPostprocessing = 0;
		};
/* End PBXResourcesBuildPhase section */

/* Begin PBXShellScriptBuildPhase section */
		34FB0BDF755BE1255B8F2113 /* [CP] Check Pods Manifest.lock */ = {
			isa = PBXShellScriptBuildPhase;
			buildActionMask = 2147483647;
			files = (
			);
			inputFileListPaths = (
			);
			inputPaths = (
				"${PODS_PODFILE_DIR_PATH}/Podfile.lock",
				"${PODS_ROOT}/Manifest.lock",
			);
			name = "[CP] Check Pods Manifest.lock";
			outputFileListPaths = (
			);
			outputPaths = (
				"$(DERIVED_FILE_DIR)/Pods-SwiftBluetoothKit-SwiftBluetoothKitTests-checkManifestLockResult.txt",
			);
			runOnlyForDeploymentPostprocessing = 0;
			shellPath = /bin/sh;
			shellScript = "diff \"${PODS_PODFILE_DIR_PATH}/Podfile.lock\" \"${PODS_ROOT}/Manifest.lock\" > /dev/null\nif [ $? != 0 ] ; then\n    # print error to STDERR\n    echo \"error: The sandbox is not in sync with the Podfile.lock. Run 'pod install' or update your CocoaPods installation.\" >&2\n    exit 1\nfi\n# This output is used by Xcode 'outputs' to avoid re-running this script phase.\necho \"SUCCESS\" > \"${SCRIPT_OUTPUT_FILE_0}\"\n";
			showEnvVarsInLog = 0;
		};
		3F1F8E80FDCC3B91363DD66E /* [CP] Check Pods Manifest.lock */ = {
			isa = PBXShellScriptBuildPhase;
			buildActionMask = 2147483647;
			files = (
			);
			inputFileListPaths = (
			);
			inputPaths = (
				"${PODS_PODFILE_DIR_PATH}/Podfile.lock",
				"${PODS_ROOT}/Manifest.lock",
			);
			name = "[CP] Check Pods Manifest.lock";
			outputFileListPaths = (
			);
			outputPaths = (
				"$(DERIVED_FILE_DIR)/Pods-SwiftBluetoothKit-checkManifestLockResult.txt",
			);
			runOnlyForDeploymentPostprocessing = 0;
			shellPath = /bin/sh;
			shellScript = "diff \"${PODS_PODFILE_DIR_PATH}/Podfile.lock\" \"${PODS_ROOT}/Manifest.lock\" > /dev/null\nif [ $? != 0 ] ; then\n    # print error to STDERR\n    echo \"error: The sandbox is not in sync with the Podfile.lock. Run 'pod install' or update your CocoaPods installation.\" >&2\n    exit 1\nfi\n# This output is used by Xcode 'outputs' to avoid re-running this script phase.\necho \"SUCCESS\" > \"${SCRIPT_OUTPUT_FILE_0}\"\n";
			showEnvVarsInLog = 0;
		};
		8EF179984ACDEBC15818D67C /* [CP] Embed Pods Frameworks */ = {
			isa = PBXShellScriptBuildPhase;
			buildActionMask = 2147483647;
			files = (
			);
			inputFileListPaths = (
			);
			inputPaths = (
				"${SRCROOT}/Pods/Target Support Files/Pods-SwiftBluetoothKit-SwiftBluetoothKitTests/Pods-SwiftBluetoothKit-SwiftBluetoothKitTests-frameworks.sh",
				"${BUILT_PRODUCTS_DIR}/RxAtomic/RxAtomic.framework",
				"${BUILT_PRODUCTS_DIR}/RxBluetoothKit/RxBluetoothKit.framework",
				"${BUILT_PRODUCTS_DIR}/RxSwift/RxSwift.framework",
			);
			name = "[CP] Embed Pods Frameworks";
			outputFileListPaths = (
			);
			outputPaths = (
				"${TARGET_BUILD_DIR}/${FRAMEWORKS_FOLDER_PATH}/RxAtomic.framework",
				"${TARGET_BUILD_DIR}/${FRAMEWORKS_FOLDER_PATH}/RxBluetoothKit.framework",
				"${TARGET_BUILD_DIR}/${FRAMEWORKS_FOLDER_PATH}/RxSwift.framework",
			);
			runOnlyForDeploymentPostprocessing = 0;
			shellPath = /bin/sh;
			shellScript = "\"${SRCROOT}/Pods/Target Support Files/Pods-SwiftBluetoothKit-SwiftBluetoothKitTests/Pods-SwiftBluetoothKit-SwiftBluetoothKitTests-frameworks.sh\"\n";
			showEnvVarsInLog = 0;
		};
/* End PBXShellScriptBuildPhase section */

/* Begin PBXSourcesBuildPhase section */
		843973AB220F041600485B5B /* Sources */ = {
			isa = PBXSourcesBuildPhase;
			buildActionMask = 2147483647;
			files = (
				843973F2220F081500485B5B /* BluetoothManager+DiscoverCharacteristics.swift in Sources */,
				843973F1220F081500485B5B /* BluetoothManagerProtocol.swift in Sources */,
				843973E3220F081500485B5B /* Service.swift in Sources */,
				843973E9220F081500485B5B /* Peripheral.swift in Sources */,
				843973E5220F081500485B5B /* BluetoothState.swift in Sources */,
				843973F5220F081500485B5B /* Characteristic.swift in Sources */,
				843973EC220F081500485B5B /* BluetoothManager.swift in Sources */,
				843973F0220F081500485B5B /* BluetoothManager+ReadWriteCharacteristic.swift in Sources */,
				843973F4220F081500485B5B /* CharacteristicProtocol.swift in Sources */,
				843973EE220F081500485B5B /* BluetoothManager+ScanPeripheral.swift in Sources */,
				843973ED220F081500485B5B /* BluetoothManager+ObserveState.swift in Sources */,
				843973EF220F081500485B5B /* BluetoothManager+CharacteristicNotification.swift in Sources */,
				843973EB220F081500485B5B /* ScannedPeripheral.swift in Sources */,
				843973EA220F081500485B5B /* ScannedPeripheralProtocol.swift in Sources */,
				843973E8220F081500485B5B /* PeripheralProtocol.swift in Sources */,
				843973E6220F081500485B5B /* Result.swift in Sources */,
				843973F3220F081500485B5B /* BluetoothManager+PeripheralConnection.swift in Sources */,
				843973E4220F081500485B5B /* ServiceProtocol.swift in Sources */,
			);
			runOnlyForDeploymentPostprocessing = 0;
		};
		843973B4220F041600485B5B /* Sources */ = {
			isa = PBXSourcesBuildPhase;
			buildActionMask = 2147483647;
			files = (
				843973BE220F041600485B5B /* SwiftBluetoothKitTests.swift in Sources */,
			);
			runOnlyForDeploymentPostprocessing = 0;
		};
/* End PBXSourcesBuildPhase section */

/* Begin PBXTargetDependency section */
		843973BB220F041600485B5B /* PBXTargetDependency */ = {
			isa = PBXTargetDependency;
			target = 843973AE220F041600485B5B /* SwiftBluetoothKit */;
			targetProxy = 843973BA220F041600485B5B /* PBXContainerItemProxy */;
		};
/* End PBXTargetDependency section */

/* Begin XCBuildConfiguration section */
		843973C1220F041600485B5B /* Debug */ = {
			isa = XCBuildConfiguration;
			buildSettings = {
				ALWAYS_SEARCH_USER_PATHS = NO;
				CLANG_ANALYZER_NONNULL = YES;
				CLANG_ANALYZER_NUMBER_OBJECT_CONVERSION = YES_AGGRESSIVE;
				CLANG_CXX_LANGUAGE_STANDARD = "gnu++14";
				CLANG_CXX_LIBRARY = "libc++";
				CLANG_ENABLE_MODULES = YES;
				CLANG_ENABLE_OBJC_ARC = YES;
				CLANG_ENABLE_OBJC_WEAK = YES;
				CLANG_WARN_BLOCK_CAPTURE_AUTORELEASING = YES;
				CLANG_WARN_BOOL_CONVERSION = YES;
				CLANG_WARN_COMMA = YES;
				CLANG_WARN_CONSTANT_CONVERSION = YES;
				CLANG_WARN_DEPRECATED_OBJC_IMPLEMENTATIONS = YES;
				CLANG_WARN_DIRECT_OBJC_ISA_USAGE = YES_ERROR;
				CLANG_WARN_DOCUMENTATION_COMMENTS = YES;
				CLANG_WARN_EMPTY_BODY = YES;
				CLANG_WARN_ENUM_CONVERSION = YES;
				CLANG_WARN_INFINITE_RECURSION = YES;
				CLANG_WARN_INT_CONVERSION = YES;
				CLANG_WARN_NON_LITERAL_NULL_CONVERSION = YES;
				CLANG_WARN_OBJC_IMPLICIT_RETAIN_SELF = YES;
				CLANG_WARN_OBJC_LITERAL_CONVERSION = YES;
				CLANG_WARN_OBJC_ROOT_CLASS = YES_ERROR;
				CLANG_WARN_RANGE_LOOP_ANALYSIS = YES;
				CLANG_WARN_STRICT_PROTOTYPES = YES;
				CLANG_WARN_SUSPICIOUS_MOVE = YES;
				CLANG_WARN_UNGUARDED_AVAILABILITY = YES_AGGRESSIVE;
				CLANG_WARN_UNREACHABLE_CODE = YES;
				CLANG_WARN__DUPLICATE_METHOD_MATCH = YES;
				CODE_SIGN_IDENTITY = "iPhone Developer";
				COPY_PHASE_STRIP = NO;
				CURRENT_PROJECT_VERSION = 1;
				DEBUG_INFORMATION_FORMAT = dwarf;
				ENABLE_STRICT_OBJC_MSGSEND = YES;
				ENABLE_TESTABILITY = YES;
				GCC_C_LANGUAGE_STANDARD = gnu11;
				GCC_DYNAMIC_NO_PIC = NO;
				GCC_NO_COMMON_BLOCKS = YES;
				GCC_OPTIMIZATION_LEVEL = 0;
				GCC_PREPROCESSOR_DEFINITIONS = (
					"DEBUG=1",
					"$(inherited)",
				);
				GCC_WARN_64_TO_32_BIT_CONVERSION = YES;
				GCC_WARN_ABOUT_RETURN_TYPE = YES_ERROR;
				GCC_WARN_UNDECLARED_SELECTOR = YES;
				GCC_WARN_UNINITIALIZED_AUTOS = YES_AGGRESSIVE;
				GCC_WARN_UNUSED_FUNCTION = YES;
				GCC_WARN_UNUSED_VARIABLE = YES;
				IPHONEOS_DEPLOYMENT_TARGET = 10.0;
				MTL_ENABLE_DEBUG_INFO = INCLUDE_SOURCE;
				MTL_FAST_MATH = YES;
				ONLY_ACTIVE_ARCH = YES;
				SDKROOT = iphoneos;
				SWIFT_ACTIVE_COMPILATION_CONDITIONS = DEBUG;
				SWIFT_OPTIMIZATION_LEVEL = "-Onone";
				VERSIONING_SYSTEM = "apple-generic";
				VERSION_INFO_PREFIX = "";
			};
			name = Debug;
		};
		843973C2220F041600485B5B /* Release */ = {
			isa = XCBuildConfiguration;
			buildSettings = {
				ALWAYS_SEARCH_USER_PATHS = NO;
				CLANG_ANALYZER_NONNULL = YES;
				CLANG_ANALYZER_NUMBER_OBJECT_CONVERSION = YES_AGGRESSIVE;
				CLANG_CXX_LANGUAGE_STANDARD = "gnu++14";
				CLANG_CXX_LIBRARY = "libc++";
				CLANG_ENABLE_MODULES = YES;
				CLANG_ENABLE_OBJC_ARC = YES;
				CLANG_ENABLE_OBJC_WEAK = YES;
				CLANG_WARN_BLOCK_CAPTURE_AUTORELEASING = YES;
				CLANG_WARN_BOOL_CONVERSION = YES;
				CLANG_WARN_COMMA = YES;
				CLANG_WARN_CONSTANT_CONVERSION = YES;
				CLANG_WARN_DEPRECATED_OBJC_IMPLEMENTATIONS = YES;
				CLANG_WARN_DIRECT_OBJC_ISA_USAGE = YES_ERROR;
				CLANG_WARN_DOCUMENTATION_COMMENTS = YES;
				CLANG_WARN_EMPTY_BODY = YES;
				CLANG_WARN_ENUM_CONVERSION = YES;
				CLANG_WARN_INFINITE_RECURSION = YES;
				CLANG_WARN_INT_CONVERSION = YES;
				CLANG_WARN_NON_LITERAL_NULL_CONVERSION = YES;
				CLANG_WARN_OBJC_IMPLICIT_RETAIN_SELF = YES;
				CLANG_WARN_OBJC_LITERAL_CONVERSION = YES;
				CLANG_WARN_OBJC_ROOT_CLASS = YES_ERROR;
				CLANG_WARN_RANGE_LOOP_ANALYSIS = YES;
				CLANG_WARN_STRICT_PROTOTYPES = YES;
				CLANG_WARN_SUSPICIOUS_MOVE = YES;
				CLANG_WARN_UNGUARDED_AVAILABILITY = YES_AGGRESSIVE;
				CLANG_WARN_UNREACHABLE_CODE = YES;
				CLANG_WARN__DUPLICATE_METHOD_MATCH = YES;
				CODE_SIGN_IDENTITY = "iPhone Developer";
				COPY_PHASE_STRIP = NO;
				CURRENT_PROJECT_VERSION = 1;
				DEBUG_INFORMATION_FORMAT = "dwarf-with-dsym";
				ENABLE_NS_ASSERTIONS = NO;
				ENABLE_STRICT_OBJC_MSGSEND = YES;
				GCC_C_LANGUAGE_STANDARD = gnu11;
				GCC_NO_COMMON_BLOCKS = YES;
				GCC_WARN_64_TO_32_BIT_CONVERSION = YES;
				GCC_WARN_ABOUT_RETURN_TYPE = YES_ERROR;
				GCC_WARN_UNDECLARED_SELECTOR = YES;
				GCC_WARN_UNINITIALIZED_AUTOS = YES_AGGRESSIVE;
				GCC_WARN_UNUSED_FUNCTION = YES;
				GCC_WARN_UNUSED_VARIABLE = YES;
				IPHONEOS_DEPLOYMENT_TARGET = 10.0;
				MTL_ENABLE_DEBUG_INFO = NO;
				MTL_FAST_MATH = YES;
				SDKROOT = iphoneos;
				SWIFT_COMPILATION_MODE = wholemodule;
				SWIFT_OPTIMIZATION_LEVEL = "-O";
				VALIDATE_PRODUCT = YES;
				VERSIONING_SYSTEM = "apple-generic";
				VERSION_INFO_PREFIX = "";
			};
			name = Release;
		};
		843973C4220F041600485B5B /* Debug */ = {
			isa = XCBuildConfiguration;
			baseConfigurationReference = AA4AE6EF54C223F1B5B858DF /* Pods-SwiftBluetoothKit.debug.xcconfig */;
			buildSettings = {
				CODE_SIGN_IDENTITY = "";
				CODE_SIGN_STYLE = Automatic;
				DEFINES_MODULE = YES;
				DYLIB_COMPATIBILITY_VERSION = 1;
				DYLIB_CURRENT_VERSION = 1;
				DYLIB_INSTALL_NAME_BASE = "@rpath";
				INFOPLIST_FILE = SwiftBluetoothKit/Info.plist;
				INSTALL_PATH = "$(LOCAL_LIBRARY_DIR)/Frameworks";
				IPHONEOS_DEPLOYMENT_TARGET = 10.0;
				LD_RUNPATH_SEARCH_PATHS = (
					"$(inherited)",
					"@executable_path/Frameworks",
					"@loader_path/Frameworks",
				);
				PRODUCT_BUNDLE_IDENTIFIER = com.manish.SwiftBluetoothKit;
				PRODUCT_NAME = "$(TARGET_NAME:c99extidentifier)";
				SKIP_INSTALL = YES;
				SWIFT_VERSION = 4.2;
				TARGETED_DEVICE_FAMILY = "1,2";
			};
			name = Debug;
		};
		843973C5220F041600485B5B /* Release */ = {
			isa = XCBuildConfiguration;
			baseConfigurationReference = 49B04D731B210D3D7D624D19 /* Pods-SwiftBluetoothKit.release.xcconfig */;
			buildSettings = {
				CODE_SIGN_IDENTITY = "";
				CODE_SIGN_STYLE = Automatic;
				DEFINES_MODULE = YES;
				DYLIB_COMPATIBILITY_VERSION = 1;
				DYLIB_CURRENT_VERSION = 1;
				DYLIB_INSTALL_NAME_BASE = "@rpath";
				INFOPLIST_FILE = SwiftBluetoothKit/Info.plist;
				INSTALL_PATH = "$(LOCAL_LIBRARY_DIR)/Frameworks";
				IPHONEOS_DEPLOYMENT_TARGET = 10.0;
				LD_RUNPATH_SEARCH_PATHS = (
					"$(inherited)",
					"@executable_path/Frameworks",
					"@loader_path/Frameworks",
				);
				PRODUCT_BUNDLE_IDENTIFIER = com.manish.SwiftBluetoothKit;
				PRODUCT_NAME = "$(TARGET_NAME:c99extidentifier)";
				SKIP_INSTALL = YES;
				SWIFT_VERSION = 4.2;
				TARGETED_DEVICE_FAMILY = "1,2";
			};
			name = Release;
		};
		843973C7220F041600485B5B /* Debug */ = {
			isa = XCBuildConfiguration;
			baseConfigurationReference = 152D3C54E01400A65DF9EC21 /* Pods-SwiftBluetoothKit-SwiftBluetoothKitTests.debug.xcconfig */;
			buildSettings = {
				ALWAYS_EMBED_SWIFT_STANDARD_LIBRARIES = YES;
				CODE_SIGN_STYLE = Automatic;
				INFOPLIST_FILE = SwiftBluetoothKitTests/Info.plist;
				LD_RUNPATH_SEARCH_PATHS = (
					"$(inherited)",
					"@executable_path/Frameworks",
					"@loader_path/Frameworks",
				);
				PRODUCT_BUNDLE_IDENTIFIER = com.manish.SwiftBluetoothKitTests;
				PRODUCT_NAME = "$(TARGET_NAME)";
				SWIFT_VERSION = 4.2;
				TARGETED_DEVICE_FAMILY = "1,2";
			};
			name = Debug;
		};
		843973C8220F041600485B5B /* Release */ = {
			isa = XCBuildConfiguration;
			baseConfigurationReference = C7730D6051B96636FE1970D2 /* Pods-SwiftBluetoothKit-SwiftBluetoothKitTests.release.xcconfig */;
			buildSettings = {
				ALWAYS_EMBED_SWIFT_STANDARD_LIBRARIES = YES;
				CODE_SIGN_STYLE = Automatic;
				INFOPLIST_FILE = SwiftBluetoothKitTests/Info.plist;
				LD_RUNPATH_SEARCH_PATHS = (
					"$(inherited)",
					"@executable_path/Frameworks",
					"@loader_path/Frameworks",
				);
				PRODUCT_BUNDLE_IDENTIFIER = com.manish.SwiftBluetoothKitTests;
				PRODUCT_NAME = "$(TARGET_NAME)";
				SWIFT_VERSION = 4.2;
				TARGETED_DEVICE_FAMILY = "1,2";
			};
			name = Release;
		};
/* End XCBuildConfiguration section */

/* Begin XCConfigurationList section */
		843973A9220F041600485B5B /* Build configuration list for PBXProject "SwiftBluetoothKit" */ = {
			isa = XCConfigurationList;
			buildConfigurations = (
				843973C1220F041600485B5B /* Debug */,
				843973C2220F041600485B5B /* Release */,
			);
			defaultConfigurationIsVisible = 0;
			defaultConfigurationName = Release;
		};
		843973C3220F041600485B5B /* Build configuration list for PBXNativeTarget "SwiftBluetoothKit" */ = {
			isa = XCConfigurationList;
			buildConfigurations = (
				843973C4220F041600485B5B /* Debug */,
				843973C5220F041600485B5B /* Release */,
			);
			defaultConfigurationIsVisible = 0;
			defaultConfigurationName = Release;
		};
		843973C6220F041600485B5B /* Build configuration list for PBXNativeTarget "SwiftBluetoothKitTests" */ = {
			isa = XCConfigurationList;
			buildConfigurations = (
				843973C7220F041600485B5B /* Debug */,
				843973C8220F041600485B5B /* Release */,
			);
			defaultConfigurationIsVisible = 0;
			defaultConfigurationName = Release;
		};
/* End XCConfigurationList section */
	};
	rootObject = 843973A6220F041600485B5B /* Project object */;
}
